
Microsoft Visual Studio Solution File, Format Version 12.00
# Visual Studio Version 17
VisualStudioVersion = 17.9.34701.34
MinimumVisualStudioVersion = 10.0.40219.1
Project("{FAE04EC0-301F-11D3-BF4B-00C04F79EFBC}") = "ConsoleBot", "ConsoleBot\ConsoleBot.csproj", "{95F4DA4B-9EE1-48C0-A00B-92E14586E604}"
EndProject
Global
	GlobalSection(SolutionConfigurationPlatforms) = preSolution
		Debug|Any CPU = Debug|Any CPU
		Release|Any CPU = Release|Any CPU
	EndGlobalSection
	GlobalSection(ProjectConfigurationPlatforms) = postSolution
		{95F4DA4B-9EE1-48C0-A00B-92E14586E604}.Debug|Any CPU.ActiveCfg = Debug|Any CPU
		{95F4DA4B-9EE1-48C0-A00B-92E14586E604}.Debug|Any CPU.Build.0 = Debug|Any CPU
		{95F4DA4B-9EE1-48C0-A00B-92E14586E604}.Release|Any CPU.ActiveCfg = Release|Any CPU
		{95F4DA4B-9EE1-48C0-A00B-92E14586E604}.Release|Any CPU.Build.0 = Release|Any CPU
	EndGlobalSection
	GlobalSection(SolutionProperties) = preSolution
		HideSolutionNode = FALSE
	EndGlobalSection
	GlobalSection(ExtensibilityGlobals) = postSolution
		SolutionGuid = {17029131-ED02-470C-BD5B-B0D82D0FAC55}
	EndGlobalSection
EndGlobal
